
Microsoft Visual Studio Solution File, Format Version 12.00
# Visual Studio Version 17
VisualStudioVersion = 17.10.35122.118
MinimumVisualStudioVersion = 10.0.40219.1
Project("{FAE04EC0-301F-11D3-BF4B-00C04F79EFBC}") = "Linq1", "Linq1\Linq1.csproj", "{ED5CED83-19C4-4625-97D4-E8FED028F096}"
EndProject
Global
	GlobalSection(SolutionConfigurationPlatforms) = preSolution
		Debug|Any CPU = Debug|Any CPU
		Release|Any CPU = Release|Any CPU
	EndGlobalSection
	GlobalSection(ProjectConfigurationPlatforms) = postSolution
		{ED5CED83-19C4-4625-97D4-E8FED028F096}.Debug|Any CPU.ActiveCfg = Debug|Any CPU
		{ED5CED83-19C4-4625-97D4-E8FED028F096}.Debug|Any CPU.Build.0 = Debug|Any CPU
		{ED5CED83-19C4-4625-97D4-E8FED028F096}.Release|Any CPU.ActiveCfg = Release|Any CPU
		{ED5CED83-19C4-4625-97D4-E8FED028F096}.Release|Any CPU.Build.0 = Release|Any CPU
	EndGlobalSection
	GlobalSection(SolutionProperties) = preSolution
		HideSolutionNode = FALSE
	EndGlobalSection
	GlobalSection(ExtensibilityGlobals) = postSolution
		SolutionGuid = {F219D861-75AC-4753-B8A3-868ABA2FD2EE}
	EndGlobalSection
EndGlobal
